
Microsoft Visual Studio Solution File, Format Version 12.00
# Visual Studio 2013
VisualStudioVersion = 12.0.30110.0
MinimumVisualStudioVersion = 10.0.40219.1
Project("{FAE04EC0-301F-11D3-BF4B-00C04F79EFBC}") = "PhoneBookSearcher.Library", "PhoneBookSearcher.Library\PhoneBookSearcher.Library.csproj", "{D135628F-D706-4889-98C1-330B77B64484}"
EndProject
Project("{FAE04EC0-301F-11D3-BF4B-00C04F79EFBC}") = "PhoneBookSearcher.Tests", "PhoneBookSearcher.Tests\PhoneBookSearcher.Tests.csproj", "{DBEFF3EC-9DB4-4D55-A52F-701BE32956B0}"
EndProject
Project("{FAE04EC0-301F-11D3-BF4B-00C04F79EFBC}") = "PhoneBookSearcher.Console", "PhoneBookSearcher.Console\PhoneBookSearcher.Console.csproj", "{52156807-A874-4CE2-84CB-AFE89C1EAF41}"
EndProject
Project("{FAE04EC0-301F-11D3-BF4B-00C04F79EFBC}") = "PhoneBookSearcher.Windows", "PhoneBookSearcher.Windows\PhoneBookSearcher.Windows.csproj", "{BF7A12CE-AD4A-424C-AFD1-699EB01A883F}"
EndProject
Project("{FAE04EC0-301F-11D3-BF4B-00C04F79EFBC}") = "PhoneBookSearcher.PluginLibrary", "PhoneBookSearcher.PluginLibrary\PhoneBookSearcher.PluginLibrary.csproj", "{BB3E33AE-1521-4D01-B8E5-46794906A5C4}"
EndProject
Project("{FAE04EC0-301F-11D3-BF4B-00C04F79EFBC}") = "PhoneBookSearcher.SIDCTIPlugin", "PhoneBookSearcher.SIDCTIPlugin\PhoneBookSearcher.SIDCTIPlugin.csproj", "{B643D11C-E4CE-42EB-8296-82C2DB81D95B}"
EndProject
Global
	GlobalSection(SolutionConfigurationPlatforms) = preSolution
		Debug|Any CPU = Debug|Any CPU
		Release|Any CPU = Release|Any CPU
	EndGlobalSection
	GlobalSection(ProjectConfigurationPlatforms) = postSolution
		{D135628F-D706-4889-98C1-330B77B64484}.Debug|Any CPU.ActiveCfg = Debug|Any CPU
		{D135628F-D706-4889-98C1-330B77B64484}.Debug|Any CPU.Build.0 = Debug|Any CPU
		{D135628F-D706-4889-98C1-330B77B64484}.Release|Any CPU.ActiveCfg = Release|Any CPU
		{D135628F-D706-4889-98C1-330B77B64484}.Release|Any CPU.Build.0 = Release|Any CPU
		{DBEFF3EC-9DB4-4D55-A52F-701BE32956B0}.Debug|Any CPU.ActiveCfg = Debug|Any CPU
		{DBEFF3EC-9DB4-4D55-A52F-701BE32956B0}.Debug|Any CPU.Build.0 = Debug|Any CPU
		{DBEFF3EC-9DB4-4D55-A52F-701BE32956B0}.Release|Any CPU.ActiveCfg = Release|Any CPU
		{DBEFF3EC-9DB4-4D55-A52F-701BE32956B0}.Release|Any CPU.Build.0 = Release|Any CPU
		{52156807-A874-4CE2-84CB-AFE89C1EAF41}.Debug|Any CPU.ActiveCfg = Debug|Any CPU
		{52156807-A874-4CE2-84CB-AFE89C1EAF41}.Debug|Any CPU.Build.0 = Debug|Any CPU
		{52156807-A874-4CE2-84CB-AFE89C1EAF41}.Release|Any CPU.ActiveCfg = Release|Any CPU
		{52156807-A874-4CE2-84CB-AFE89C1EAF41}.Release|Any CPU.Build.0 = Release|Any CPU
		{BF7A12CE-AD4A-424C-AFD1-699EB01A883F}.Debug|Any CPU.ActiveCfg = Debug|Any CPU
		{BF7A12CE-AD4A-424C-AFD1-699EB01A883F}.Debug|Any CPU.Build.0 = Debug|Any CPU
		{BF7A12CE-AD4A-424C-AFD1-699EB01A883F}.Release|Any CPU.ActiveCfg = Release|Any CPU
		{BF7A12CE-AD4A-424C-AFD1-699EB01A883F}.Release|Any CPU.Build.0 = Release|Any CPU
		{BB3E33AE-1521-4D01-B8E5-46794906A5C4}.Debug|Any CPU.ActiveCfg = Debug|Any CPU
		{BB3E33AE-1521-4D01-B8E5-46794906A5C4}.Debug|Any CPU.Build.0 = Debug|Any CPU
		{BB3E33AE-1521-4D01-B8E5-46794906A5C4}.Release|Any CPU.ActiveCfg = Release|Any CPU
		{BB3E33AE-1521-4D01-B8E5-46794906A5C4}.Release|Any CPU.Build.0 = Release|Any CPU
		{B643D11C-E4CE-42EB-8296-82C2DB81D95B}.Debug|Any CPU.ActiveCfg = Debug|Any CPU
		{B643D11C-E4CE-42EB-8296-82C2DB81D95B}.Debug|Any CPU.Build.0 = Debug|Any CPU
		{B643D11C-E4CE-42EB-8296-82C2DB81D95B}.Release|Any CPU.ActiveCfg = Release|Any CPU
		{B643D11C-E4CE-42EB-8296-82C2DB81D95B}.Release|Any CPU.Build.0 = Release|Any CPU
	EndGlobalSection
	GlobalSection(SolutionProperties) = preSolution
		HideSolutionNode = FALSE
	EndGlobalSection
EndGlobal
